
Microsoft Visual Studio Solution File, Format Version 12.00
# Visual Studio Version 16
VisualStudioVersion = 16.0.30717.126
MinimumVisualStudioVersion = 15.0.26124.0
Project("{9A19103F-16F7-4668-BE54-9A1E7A4F7556}") = "Domain", "Domain\Domain.csproj", "{1DCDF9A2-0C3D-480C-8C48-17B48E0BACE1}"
EndProject
Project("{9A19103F-16F7-4668-BE54-9A1E7A4F7556}") = "Infra", "Infra\Infra.csproj", "{8B9EF168-0245-46F9-8661-E11BA09BB1A7}"
EndProject
Project("{9A19103F-16F7-4668-BE54-9A1E7A4F7556}") = "Test", "Test\Test.csproj", "{DC0E629B-CDFB-492F-AB55-D92A65FCECF7}"
EndProject
Project("{FAE04EC0-301F-11D3-BF4B-00C04F79EFBC}") = "Api", "Api\Api\Api.csproj", "{6661F113-C8D9-4C0E-949F-668F405A4E75}"
EndProject
Global
	GlobalSection(SolutionConfigurationPlatforms) = preSolution
		Debug|Any CPU = Debug|Any CPU
		Debug|x64 = Debug|x64
		Debug|x86 = Debug|x86
		Release|Any CPU = Release|Any CPU
		Release|x64 = Release|x64
		Release|x86 = Release|x86
	EndGlobalSection
	GlobalSection(ProjectConfigurationPlatforms) = postSolution
		{1DCDF9A2-0C3D-480C-8C48-17B48E0BACE1}.Debug|Any CPU.ActiveCfg = Debug|Any CPU
		{1DCDF9A2-0C3D-480C-8C48-17B48E0BACE1}.Debug|Any CPU.Build.0 = Debug|Any CPU
		{1DCDF9A2-0C3D-480C-8C48-17B48E0BACE1}.Debug|x64.ActiveCfg = Debug|Any CPU
		{1DCDF9A2-0C3D-480C-8C48-17B48E0BACE1}.Debug|x64.Build.0 = Debug|Any CPU
		{1DCDF9A2-0C3D-480C-8C48-17B48E0BACE1}.Debug|x86.ActiveCfg = Debug|Any CPU
		{1DCDF9A2-0C3D-480C-8C48-17B48E0BACE1}.Debug|x86.Build.0 = Debug|Any CPU
		{1DCDF9A2-0C3D-480C-8C48-17B48E0BACE1}.Release|Any CPU.ActiveCfg = Release|Any CPU
		{1DCDF9A2-0C3D-480C-8C48-17B48E0BACE1}.Release|Any CPU.Build.0 = Release|Any CPU
		{1DCDF9A2-0C3D-480C-8C48-17B48E0BACE1}.Release|x64.ActiveCfg = Release|Any CPU
		{1DCDF9A2-0C3D-480C-8C48-17B48E0BACE1}.Release|x64.Build.0 = Release|Any CPU
		{1DCDF9A2-0C3D-480C-8C48-17B48E0BACE1}.Release|x86.ActiveCfg = Release|Any CPU
		{1DCDF9A2-0C3D-480C-8C48-17B48E0BACE1}.Release|x86.Build.0 = Release|Any CPU
		{8B9EF168-0245-46F9-8661-E11BA09BB1A7}.Debug|Any CPU.ActiveCfg = Debug|Any CPU
		{8B9EF168-0245-46F9-8661-E11BA09BB1A7}.Debug|Any CPU.Build.0 = Debug|Any CPU
		{8B9EF168-0245-46F9-8661-E11BA09BB1A7}.Debug|x64.ActiveCfg = Debug|Any CPU
		{8B9EF168-0245-46F9-8661-E11BA09BB1A7}.Debug|x64.Build.0 = Debug|Any CPU
		{8B9EF168-0245-46F9-8661-E11BA09BB1A7}.Debug|x86.ActiveCfg = Debug|Any CPU
		{8B9EF168-0245-46F9-8661-E11BA09BB1A7}.Debug|x86.Build.0 = Debug|Any CPU
		{8B9EF168-0245-46F9-8661-E11BA09BB1A7}.Release|Any CPU.ActiveCfg = Release|Any CPU
		{8B9EF168-0245-46F9-8661-E11BA09BB1A7}.Release|Any CPU.Build.0 = Release|Any CPU
		{8B9EF168-0245-46F9-8661-E11BA09BB1A7}.Release|x64.ActiveCfg = Release|Any CPU
		{8B9EF168-0245-46F9-8661-E11BA09BB1A7}.Release|x64.Build.0 = Release|Any CPU
		{8B9EF168-0245-46F9-8661-E11BA09BB1A7}.Release|x86.ActiveCfg = Release|Any CPU
		{8B9EF168-0245-46F9-8661-E11BA09BB1A7}.Release|x86.Build.0 = Release|Any CPU
		{DC0E629B-CDFB-492F-AB55-D92A65FCECF7}.Debug|Any CPU.ActiveCfg = Debug|Any CPU
		{DC0E629B-CDFB-492F-AB55-D92A65FCECF7}.Debug|Any CPU.Build.0 = Debug|Any CPU
		{DC0E629B-CDFB-492F-AB55-D92A65FCECF7}.Debug|x64.ActiveCfg = Debug|Any CPU
		{DC0E629B-CDFB-492F-AB55-D92A65FCECF7}.Debug|x64.Build.0 = Debug|Any CPU
		{DC0E629B-CDFB-492F-AB55-D92A65FCECF7}.Debug|x86.ActiveCfg = Debug|Any CPU
		{DC0E629B-CDFB-492F-AB55-D92A65FCECF7}.Debug|x86.Build.0 = Debug|Any CPU
		{DC0E629B-CDFB-492F-AB55-D92A65FCECF7}.Release|Any CPU.ActiveCfg = Release|Any CPU
		{DC0E629B-CDFB-492F-AB55-D92A65FCECF7}.Release|Any CPU.Build.0 = Release|Any CPU
		{DC0E629B-CDFB-492F-AB55-D92A65FCECF7}.Release|x64.ActiveCfg = Release|Any CPU
		{DC0E629B-CDFB-492F-AB55-D92A65FCECF7}.Release|x64.Build.0 = Release|Any CPU
		{DC0E629B-CDFB-492F-AB55-D92A65FCECF7}.Release|x86.ActiveCfg = Release|Any CPU
		{DC0E629B-CDFB-492F-AB55-D92A65FCECF7}.Release|x86.Build.0 = Release|Any CPU
		{6661F113-C8D9-4C0E-949F-668F405A4E75}.Debug|Any CPU.ActiveCfg = Debug|Any CPU
		{6661F113-C8D9-4C0E-949F-668F405A4E75}.Debug|Any CPU.Build.0 = Debug|Any CPU
		{6661F113-C8D9-4C0E-949F-668F405A4E75}.Debug|x64.ActiveCfg = Debug|Any CPU
		{6661F113-C8D9-4C0E-949F-668F405A4E75}.Debug|x64.Build.0 = Debug|Any CPU
		{6661F113-C8D9-4C0E-949F-668F405A4E75}.Debug|x86.ActiveCfg = Debug|Any CPU
		{6661F113-C8D9-4C0E-949F-668F405A4E75}.Debug|x86.Build.0 = Debug|Any CPU
		{6661F113-C8D9-4C0E-949F-668F405A4E75}.Release|Any CPU.ActiveCfg = Release|Any CPU
		{6661F113-C8D9-4C0E-949F-668F405A4E75}.Release|Any CPU.Build.0 = Release|Any CPU
		{6661F113-C8D9-4C0E-949F-668F405A4E75}.Release|x64.ActiveCfg = Release|Any CPU
		{6661F113-C8D9-4C0E-949F-668F405A4E75}.Release|x64.Build.0 = Release|Any CPU
		{6661F113-C8D9-4C0E-949F-668F405A4E75}.Release|x86.ActiveCfg = Release|Any CPU
		{6661F113-C8D9-4C0E-949F-668F405A4E75}.Release|x86.Build.0 = Release|Any CPU
	EndGlobalSection
	GlobalSection(SolutionProperties) = preSolution
		HideSolutionNode = FALSE
	EndGlobalSection
	GlobalSection(ExtensibilityGlobals) = postSolution
		SolutionGuid = {0BCAAB10-B986-4780-9458-AF4D2011D704}
	EndGlobalSection
EndGlobal
